
Microsoft Visual Studio Solution File, Format Version 12.00
# Visual Studio Version 17
VisualStudioVersion = 17.7.34031.279
MinimumVisualStudioVersion = 10.0.40219.1
Project("{FAE04EC0-301F-11D3-BF4B-00C04F79EFBC}") = "Game_Spaceshooter", "Game_Spaceshooter\Game_Spaceshooter.csproj", "{364CFCBA-7E98-449D-8681-6CC1252FDBE9}"
EndProject
Global
	GlobalSection(SolutionConfigurationPlatforms) = preSolution
		Debug|Any CPU = Debug|Any CPU
		Release|Any CPU = Release|Any CPU
	EndGlobalSection
	GlobalSection(ProjectConfigurationPlatforms) = postSolution
		{364CFCBA-7E98-449D-8681-6CC1252FDBE9}.Debug|Any CPU.ActiveCfg = Debug|Any CPU
		{364CFCBA-7E98-449D-8681-6CC1252FDBE9}.Debug|Any CPU.Build.0 = Debug|Any CPU
		{364CFCBA-7E98-449D-8681-6CC1252FDBE9}.Release|Any CPU.ActiveCfg = Release|Any CPU
		{364CFCBA-7E98-449D-8681-6CC1252FDBE9}.Release|Any CPU.Build.0 = Release|Any CPU
	EndGlobalSection
	GlobalSection(SolutionProperties) = preSolution
		HideSolutionNode = FALSE
	EndGlobalSection
	GlobalSection(ExtensibilityGlobals) = postSolution
		SolutionGuid = {30A59D14-2A58-4FCA-A9A0-60964A0F7EC0}
	EndGlobalSection
EndGlobal
