
Microsoft Visual Studio Solution File, Format Version 12.00
# Visual Studio Version 17
VisualStudioVersion = 17.8.34322.80
MinimumVisualStudioVersion = 10.0.40219.1
Project("{FAE04EC0-301F-11D3-BF4B-00C04F79EFBC}") = "Loginsystem", "Loginsystem.csproj", "{7B094C0E-4EBC-4BA7-8BCD-0D21E0D7A658}"
EndProject
Project("{00D1A9C2-B5F0-4AF3-8072-F6C62B433612}") = "Database", "..\Database\Database.sqlproj", "{AEBFC41C-028D-45C6-882F-FC4A7EFA6A98}"
EndProject
Global
	GlobalSection(SolutionConfigurationPlatforms) = preSolution
		Debug|Any CPU = Debug|Any CPU
		Release|Any CPU = Release|Any CPU
	EndGlobalSection
	GlobalSection(ProjectConfigurationPlatforms) = postSolution
		{7B094C0E-4EBC-4BA7-8BCD-0D21E0D7A658}.Debug|Any CPU.ActiveCfg = Debug|Any CPU
		{7B094C0E-4EBC-4BA7-8BCD-0D21E0D7A658}.Debug|Any CPU.Build.0 = Debug|Any CPU
		{7B094C0E-4EBC-4BA7-8BCD-0D21E0D7A658}.Release|Any CPU.ActiveCfg = Release|Any CPU
		{7B094C0E-4EBC-4BA7-8BCD-0D21E0D7A658}.Release|Any CPU.Build.0 = Release|Any CPU
		{AEBFC41C-028D-45C6-882F-FC4A7EFA6A98}.Debug|Any CPU.ActiveCfg = Debug|Any CPU
		{AEBFC41C-028D-45C6-882F-FC4A7EFA6A98}.Debug|Any CPU.Build.0 = Debug|Any CPU
		{AEBFC41C-028D-45C6-882F-FC4A7EFA6A98}.Debug|Any CPU.Deploy.0 = Debug|Any CPU
		{AEBFC41C-028D-45C6-882F-FC4A7EFA6A98}.Release|Any CPU.ActiveCfg = Release|Any CPU
		{AEBFC41C-028D-45C6-882F-FC4A7EFA6A98}.Release|Any CPU.Build.0 = Release|Any CPU
		{AEBFC41C-028D-45C6-882F-FC4A7EFA6A98}.Release|Any CPU.Deploy.0 = Release|Any CPU
	EndGlobalSection
	GlobalSection(SolutionProperties) = preSolution
		HideSolutionNode = FALSE
	EndGlobalSection
	GlobalSection(ExtensibilityGlobals) = postSolution
		SolutionGuid = {F26AEE39-9431-4A2D-B7C1-7F5492E95D13}
	EndGlobalSection
EndGlobal
